// !$*UTF8*$!
{
	archiveVersion = 1;
	classes = {
	};
	objectVersion = 46;
	objects = {

/* Begin PBXBuildFile section */
		F125D36A19E1CEBB00E5D825 /* FunctionsTableViewController.swift in Sources */ = {isa = PBXBuildFile; fileRef = F125D36919E1CEBB00E5D825 /* FunctionsTableViewController.swift */; };
		F15058AA19DB38B300166B58 /* AppDelegate.swift in Sources */ = {isa = PBXBuildFile; fileRef = F15058A919DB38B300166B58 /* AppDelegate.swift */; };
		F15058AC19DB38B300166B58 /* ViewController.swift in Sources */ = {isa = PBXBuildFile; fileRef = F15058AB19DB38B300166B58 /* ViewController.swift */; };
		F15058AF19DB38B300166B58 /* Main.storyboard in Resources */ = {isa = PBXBuildFile; fileRef = F15058AD19DB38B300166B58 /* Main.storyboard */; };
		F15058B119DB38B300166B58 /* Images.xcassets in Resources */ = {isa = PBXBuildFile; fileRef = F15058B019DB38B300166B58 /* Images.xcassets */; };
		F15058B419DB38B400166B58 /* LaunchScreen.xib in Resources */ = {isa = PBXBuildFile; fileRef = F15058B219DB38B300166B58 /* LaunchScreen.xib */; };
		F15058C019DB38B400166B58 /* QuadraticTests.swift in Sources */ = {isa = PBXBuildFile; fileRef = F15058BF19DB38B400166B58 /* QuadraticTests.swift */; };
		F1E85F9D19E787BA006ABA38 /* HomeView.swift in Sources */ = {isa = PBXBuildFile; fileRef = F1E85F9C19E787BA006ABA38 /* HomeView.swift */; };
/* End PBXBuildFile section */

/* Begin PBXContainerItemProxy section */
		F15058BA19DB38B400166B58 /* PBXContainerItemProxy */ = {
			isa = PBXContainerItemProxy;
			containerPortal = F150589C19DB38B300166B58 /* Project object */;
			proxyType = 1;
			remoteGlobalIDString = F15058A319DB38B300166B58;
			remoteInfo = Quadratic;
		};
/* End PBXContainerItemProxy section */

/* Begin PBXFileReference section */
		F125D36919E1CEBB00E5D825 /* FunctionsTableViewController.swift */ = {isa = PBXFileReference; fileEncoding = 4; lastKnownFileType = sourcecode.swift; path = FunctionsTableViewController.swift; sourceTree = "<group>"; };
		F15058A419DB38B300166B58 /* Quadratic.app */ = {isa = PBXFileReference; explicitFileType = wrapper.application; includeInIndex = 0; path = Quadratic.app; sourceTree = BUILT_PRODUCTS_DIR; };
		F15058A819DB38B300166B58 /* Info.plist */ = {isa = PBXFileReference; lastKnownFileType = text.plist.xml; path = Info.plist; sourceTree = "<group>"; };
		F15058A919DB38B300166B58 /* AppDelegate.swift */ = {isa = PBXFileReference; lastKnownFileType = sourcecode.swift; path = AppDelegate.swift; sourceTree = "<group>"; };
		F15058AB19DB38B300166B58 /* ViewController.swift */ = {isa = PBXFileReference; lastKnownFileType = sourcecode.swift; path = ViewController.swift; sourceTree = "<group>"; };
		F15058AE19DB38B300166B58 /* Base */ = {isa = PBXFileReference; lastKnownFileType = file.storyboard; name = Base; path = Base.lproj/Main.storyboard; sourceTree = "<group>"; };
		F15058B019DB38B300166B58 /* Images.xcassets */ = {isa = PBXFileReference; lastKnownFileType = folder.assetcatalog; path = Images.xcassets; sourceTree = "<group>"; };
		F15058B319DB38B400166B58 /* Base */ = {isa = PBXFileReference; lastKnownFileType = file.xib; name = Base; path = Base.lproj/LaunchScreen.xib; sourceTree = "<group>"; };
		F15058B919DB38B400166B58 /* QuadraticTests.xctest */ = {isa = PBXFileReference; explicitFileType = wrapper.cfbundle; includeInIndex = 0; path = QuadraticTests.xctest; sourceTree = BUILT_PRODUCTS_DIR; };
		F15058BE19DB38B400166B58 /* Info.plist */ = {isa = PBXFileReference; lastKnownFileType = text.plist.xml; path = Info.plist; sourceTree = "<group>"; };
		F15058BF19DB38B400166B58 /* QuadraticTests.swift */ = {isa = PBXFileReference; lastKnownFileType = sourcecode.swift; path = QuadraticTests.swift; sourceTree = "<group>"; };
		F1E85F9C19E787BA006ABA38 /* HomeView.swift */ = {isa = PBXFileReference; fileEncoding = 4; lastKnownFileType = sourcecode.swift; path = HomeView.swift; sourceTree = "<group>"; };
/* End PBXFileReference section */

/* Begin PBXFrameworksBuildPhase section */
		F15058A119DB38B300166B58 /* Frameworks */ = {
			isa = PBXFrameworksBuildPhase;
			buildActionMask = 2147483647;
			files = (
			);
			runOnlyForDeploymentPostprocessing = 0;
		};
		F15058B619DB38B400166B58 /* Frameworks */ = {
			isa = PBXFrameworksBuildPhase;
			buildActionMask = 2147483647;
			files = (
			);
			runOnlyForDeploymentPostprocessing = 0;
		};
/* End PBXFrameworksBuildPhase section */

/* Begin PBXGroup section */
		F150589B19DB38B300166B58 = {
			isa = PBXGroup;
			children = (
				F15058A619DB38B300166B58 /* Quadratic */,
				F15058BC19DB38B400166B58 /* QuadraticTests */,
				F15058A519DB38B300166B58 /* Products */,
			);
			sourceTree = "<group>";
		};
		F15058A519DB38B300166B58 /* Products */ = {
			isa = PBXGroup;
			children = (
				F15058A419DB38B300166B58 /* Quadratic.app */,
				F15058B919DB38B400166B58 /* QuadraticTests.xctest */,
			);
			name = Products;
			sourceTree = "<group>";
		};
		F15058A619DB38B300166B58 /* Quadratic */ = {
			isa = PBXGroup;
			children = (
				F15058A919DB38B300166B58 /* AppDelegate.swift */,
				F15058AB19DB38B300166B58 /* ViewController.swift */,
				F15058AD19DB38B300166B58 /* Main.storyboard */,
				F1E85F9C19E787BA006ABA38 /* HomeView.swift */,
				F125D36919E1CEBB00E5D825 /* FunctionsTableViewController.swift */,
				F15058B019DB38B300166B58 /* Images.xcassets */,
				F15058B219DB38B300166B58 /* LaunchScreen.xib */,
				F15058A719DB38B300166B58 /* Supporting Files */,
			);
			path = Quadratic;
			sourceTree = "<group>";
		};
		F15058A719DB38B300166B58 /* Supporting Files */ = {
			isa = PBXGroup;
			children = (
				F15058A819DB38B300166B58 /* Info.plist */,
			);
			name = "Supporting Files";
			sourceTree = "<group>";
		};
		F15058BC19DB38B400166B58 /* QuadraticTests */ = {
			isa = PBXGroup;
			children = (
				F15058BF19DB38B400166B58 /* QuadraticTests.swift */,
				F15058BD19DB38B400166B58 /* Supporting Files */,
			);
			path = QuadraticTests;
			sourceTree = "<group>";
		};
		F15058BD19DB38B400166B58 /* Supporting Files */ = {
			isa = PBXGroup;
			children = (
				F15058BE19DB38B400166B58 /* Info.plist */,
			);
			name = "Supporting Files";
			sourceTree = "<group>";
		};
/* End PBXGroup section */

/* Begin PBXNativeTarget section */
		F15058A319DB38B300166B58 /* Quadratic */ = {
			isa = PBXNativeTarget;
			buildConfigurationList = F15058C319DB38B400166B58 /* Build configuration list for PBXNativeTarget "Quadratic" */;
			buildPhases = (
				F15058A019DB38B300166B58 /* Sources */,
				F15058A119DB38B300166B58 /* Frameworks */,
				F15058A219DB38B300166B58 /* Resources */,
			);
			buildRules = (
			);
			dependencies = (
			);
			name = Quadratic;
			productName = Quadratic;
			productReference = F15058A419DB38B300166B58 /* Quadratic.app */;
			productType = "com.apple.product-type.application";
		};
		F15058B819DB38B400166B58 /* QuadraticTests */ = {
			isa = PBXNativeTarget;
			buildConfigurationList = F15058C619DB38B400166B58 /* Build configuration list for PBXNativeTarget "QuadraticTests" */;
			buildPhases = (
				F15058B519DB38B400166B58 /* Sources */,
				F15058B619DB38B400166B58 /* Frameworks */,
				F15058B719DB38B400166B58 /* Resources */,
			);
			buildRules = (
			);
			dependencies = (
				F15058BB19DB38B400166B58 /* PBXTargetDependency */,
			);
			name = QuadraticTests;
			productName = QuadraticTests;
			productReference = F15058B919DB38B400166B58 /* QuadraticTests.xctest */;
			productType = "com.apple.product-type.bundle.unit-test";
		};
/* End PBXNativeTarget section */

/* Begin PBXProject section */
		F150589C19DB38B300166B58 /* Project object */ = {
			isa = PBXProject;
			attributes = {
				LastUpgradeCheck = 0600;
				ORGANIZATIONNAME = "David Mattia";
				TargetAttributes = {
					F15058A319DB38B300166B58 = {
						CreatedOnToolsVersion = 6.0.1;
					};
					F15058B819DB38B400166B58 = {
						CreatedOnToolsVersion = 6.0.1;
						TestTargetID = F15058A319DB38B300166B58;
					};
				};
			};
			buildConfigurationList = F150589F19DB38B300166B58 /* Build configuration list for PBXProject "Quadratic" */;
			compatibilityVersion = "Xcode 3.2";
			developmentRegion = English;
			hasScannedForEncodings = 0;
			knownRegions = (
				en,
				Base,
			);
			mainGroup = F150589B19DB38B300166B58;
			productRefGroup = F15058A519DB38B300166B58 /* Products */;
			projectDirPath = "";
			projectRoot = "";
			targets = (
				F15058A319DB38B300166B58 /* Quadratic */,
				F15058B819DB38B400166B58 /* QuadraticTests */,
			);
		};
/* End PBXProject section */

/* Begin PBXResourcesBuildPhase section */
		F15058A219DB38B300166B58 /* Resources */ = {
			isa = PBXResourcesBuildPhase;
			buildActionMask = 2147483647;
			files = (
				F15058AF19DB38B300166B58 /* Main.storyboard in Resources */,
				F15058B419DB38B400166B58 /* LaunchScreen.xib in Resources */,
				F15058B119DB38B300166B58 /* Images.xcassets in Resources */,
			);
			runOnlyForDeploymentPostprocessing = 0;
		};
		F15058B719DB38B400166B58 /* Resources */ = {
			isa = PBXResourcesBuildPhase;
			buildActionMask = 2147483647;
			files = (
			);
			runOnlyForDeploymentPostprocessing = 0;
		};
/* End PBXResourcesBuildPhase section */

/* Begin PBXSourcesBuildPhase section */
		F15058A019DB38B300166B58 /* Sources */ = {
			isa = PBXSourcesBuildPhase;
			buildActionMask = 2147483647;
			files = (
				F125D36A19E1CEBB00E5D825 /* FunctionsTableViewController.swift in Sources */,
				F1E85F9D19E787BA006ABA38 /* HomeView.swift in Sources */,
				F15058AC19DB38B300166B58 /* ViewController.swift in Sources */,
				F15058AA19DB38B300166B58 /* AppDelegate.swift in Sources */,
			);
			runOnlyForDeploymentPostprocessing = 0;
		};
		F15058B519DB38B400166B58 /* Sources */ = {
			isa = PBXSourcesBuildPhase;
			buildActionMask = 2147483647;
			files = (
				F15058C019DB38B400166B58 /* QuadraticTests.swift in Sources */,
			);
			runOnlyForDeploymentPostprocessing = 0;
		};
/* End PBXSourcesBuildPhase section */

/* Begin PBXTargetDependency section */
		F15058BB19DB38B400166B58 /* PBXTargetDependency */ = {
			isa = PBXTargetDependency;
			target = F15058A319DB38B300166B58 /* Quadratic */;
			targetProxy = F15058BA19DB38B400166B58 /* PBXContainerItemProxy */;
		};
/* End PBXTargetDependency section */

/* Begin PBXVariantGroup section */
		F15058AD19DB38B300166B58 /* Main.storyboard */ = {
			isa = PBXVariantGroup;
			children = (
				F15058AE19DB38B300166B58 /* Base */,
			);
			name = Main.storyboard;
			sourceTree = "<group>";
		};
		F15058B219DB38B300166B58 /* LaunchScreen.xib */ = {
			isa = PBXVariantGroup;
			children = (
				F15058B319DB38B400166B58 /* Base */,
			);
			name = LaunchScreen.xib;
			sourceTree = "<group>";
		};
/* End PBXVariantGroup section */

/* Begin XCBuildConfiguration section */
		F15058C119DB38B400166B58 /* Debug */ = {
			isa = XCBuildConfiguration;
			buildSettings = {
				ALWAYS_SEARCH_USER_PATHS = NO;
				CLANG_CXX_LANGUAGE_STANDARD = "gnu++0x";
				CLANG_CXX_LIBRARY = "libc++";
				CLANG_ENABLE_MODULES = YES;
				CLANG_ENABLE_OBJC_ARC = YES;
				CLANG_WARN_BOOL_CONVERSION = YES;
				CLANG_WARN_CONSTANT_CONVERSION = YES;
				CLANG_WARN_DIRECT_OBJC_ISA_USAGE = YES_ERROR;
				CLANG_WARN_EMPTY_BODY = YES;
				CLANG_WARN_ENUM_CONVERSION = YES;
				CLANG_WARN_INT_CONVERSION = YES;
				CLANG_WARN_OBJC_ROOT_CLASS = YES_ERROR;
				CLANG_WARN_UNREACHABLE_CODE = YES;
				CLANG_WARN__DUPLICATE_METHOD_MATCH = YES;
				"CODE_SIGN_IDENTITY[sdk=iphoneos*]" = "iPhone Developer";
				COPY_PHASE_STRIP = NO;
				ENABLE_STRICT_OBJC_MSGSEND = YES;
				GCC_C_LANGUAGE_STANDARD = gnu99;
				GCC_DYNAMIC_NO_PIC = NO;
				GCC_OPTIMIZATION_LEVEL = 0;
				GCC_PREPROCESSOR_DEFINITIONS = (
					"DEBUG=1",
					"$(inherited)",
				);
				GCC_SYMBOLS_PRIVATE_EXTERN = NO;
				GCC_WARN_64_TO_32_BIT_CONVERSION = YES;
				GCC_WARN_ABOUT_RETURN_TYPE = YES_ERROR;
				GCC_WARN_UNDECLARED_SELECTOR = YES;
				GCC_WARN_UNINITIALIZED_AUTOS = YES_AGGRESSIVE;
				GCC_WARN_UNUSED_FUNCTION = YES;
				GCC_WARN_UNUSED_VARIABLE = YES;
				IPHONEOS_DEPLOYMENT_TARGET = 8.0;
				MTL_ENABLE_DEBUG_INFO = YES;
				ONLY_ACTIVE_ARCH = YES;
				SDKROOT = iphoneos;
				SWIFT_OPTIMIZATION_LEVEL = "-Onone";
			};
			name = Debug;
		};
		F15058C219DB38B400166B58 /* Release */ = {
			isa = XCBuildConfiguration;
			buildSettings = {
				ALWAYS_SEARCH_USER_PATHS = NO;
				CLANG_CXX_LANGUAGE_STANDARD = "gnu++0x";
				CLANG_CXX_LIBRARY = "libc++";
				CLANG_ENABLE_MODULES = YES;
				CLANG_ENABLE_OBJC_ARC = YES;
				CLANG_WARN_BOOL_CONVERSION = YES;
				CLANG_WARN_CONSTANT_CONVERSION = YES;
				CLANG_WARN_DIRECT_OBJC_ISA_USAGE = YES_ERROR;
				CLANG_WARN_EMPTY_BODY = YES;
				CLANG_WARN_ENUM_CONVERSION = YES;
				CLANG_WARN_INT_CONVERSION = YES;
				CLANG_WARN_OBJC_ROOT_CLASS = YES_ERROR;
				CLANG_WARN_UNREACHABLE_CODE = YES;
				CLANG_WARN__DUPLICATE_METHOD_MATCH = YES;
				"CODE_SIGN_IDENTITY[sdk=iphoneos*]" = "iPhone Developer";
				COPY_PHASE_STRIP = YES;
				ENABLE_NS_ASSERTIONS = NO;
				ENABLE_STRICT_OBJC_MSGSEND = YES;
				GCC_C_LANGUAGE_STANDARD = gnu99;
				GCC_WARN_64_TO_32_BIT_CONVERSION = YES;
				GCC_WARN_ABOUT_RETURN_TYPE = YES_ERROR;
				GCC_WARN_UNDECLARED_SELECTOR = YES;
				GCC_WARN_UNINITIALIZED_AUTOS = YES_AGGRESSIVE;
				GCC_WARN_UNUSED_FUNCTION = YES;
				GCC_WARN_UNUSED_VARIABLE = YES;
				IPHONEOS_DEPLOYMENT_TARGET = 8.0;
				MTL_ENABLE_DEBUG_INFO = NO;
				SDKROOT = iphoneos;
				VALIDATE_PRODUCT = YES;
			};
			name = Release;
		};
		F15058C419DB38B400166B58 /* Debug */ = {
			isa = XCBuildConfiguration;
			buildSettings = {
				ASSETCATALOG_COMPILER_APPICON_NAME = AppIcon;
				INFOPLIST_FILE = Quadratic/Info.plist;
				LD_RUNPATH_SEARCH_PATHS = "$(inherited) @executable_path/Frameworks";
				PRODUCT_NAME = "$(TARGET_NAME)";
			};
			name = Debug;
		};
		F15058C519DB38B400166B58 /* Release */ = {
			isa = XCBuildConfiguration;
			buildSettings = {
				ASSETCATALOG_COMPILER_APPICON_NAME = AppIcon;
				INFOPLIST_FILE = Quadratic/Info.plist;
				LD_RUNPATH_SEARCH_PATHS = "$(inherited) @executable_path/Frameworks";
				PRODUCT_NAME = "$(TARGET_NAME)";
			};
			name = Release;
		};
		F15058C719DB38B400166B58 /* Debug */ = {
			isa = XCBuildConfiguration;
			buildSettings = {
				BUNDLE_LOADER = "$(TEST_HOST)";
				FRAMEWORK_SEARCH_PATHS = (
					"$(SDKROOT)/Developer/Library/Frameworks",
					"$(inherited)",
				);
				GCC_PREPROCESSOR_DEFINITIONS = (
					"DEBUG=1",
					"$(inherited)",
				);
				INFOPLIST_FILE = QuadraticTests/Info.plist;
				LD_RUNPATH_SEARCH_PATHS = "$(inherited) @executable_path/Frameworks @loader_path/Frameworks";
				PRODUCT_NAME = "$(TARGET_NAME)";
				TEST_HOST = "$(BUILT_PRODUCTS_DIR)/Quadratic.app/Quadratic";
			};
			name = Debug;
		};
		F15058C819DB38B400166B58 /* Release */ = {
			isa = XCBuildConfiguration;
			buildSettings = {
				BUNDLE_LOADER = "$(TEST_HOST)";
				FRAMEWORK_SEARCH_PATHS = (
					"$(SDKROOT)/Developer/Library/Frameworks",
					"$(inherited)",
				);
				INFOPLIST_FILE = QuadraticTests/Info.plist;
				LD_RUNPATH_SEARCH_PATHS = "$(inherited) @executable_path/Frameworks @loader_path/Frameworks";
				PRODUCT_NAME = "$(TARGET_NAME)";
				TEST_HOST = "$(BUILT_PRODUCTS_DIR)/Quadratic.app/Quadratic";
			};
			name = Release;
		};
/* End XCBuildConfiguration section */

/* Begin XCConfigurationList section */
		F150589F19DB38B300166B58 /* Build configuration list for PBXProject "Quadratic" */ = {
			isa = XCConfigurationList;
			buildConfigurations = (
				F15058C119DB38B400166B58 /* Debug */,
				F15058C219DB38B400166B58 /* Release */,
			);
			defaultConfigurationIsVisible = 0;
			defaultConfigurationName = Release;
		};
		F15058C319DB38B400166B58 /* Build configuration list for PBXNativeTarget "Quadratic" */ = {
			isa = XCConfigurationList;
			buildConfigurations = (
				F15058C419DB38B400166B58 /* Debug */,
				F15058C519DB38B400166B58 /* Release */,
			);
			defaultConfigurationIsVisible = 0;
			defaultConfigurationName = Release;
		};
		F15058C619DB38B400166B58 /* Build configuration list for PBXNativeTarget "QuadraticTests" */ = {
			isa = XCConfigurationList;
			buildConfigurations = (
				F15058C719DB38B400166B58 /* Debug */,
				F15058C819DB38B400166B58 /* Release */,
			);
			defaultConfigurationIsVisible = 0;
			defaultConfigurationName = Release;
		};
/* End XCConfigurationList section */
	};
	rootObject = F150589C19DB38B300166B58 /* Project object */;
}
